// !$*UTF8*$!
{
	archiveVersion = 1;
	classes = {
	};
	objectVersion = 50;
	objects = {

/* Begin PBXBuildFile section */
		2D974D342089C9C200046EF6 /* AppDelegate.swift in Sources */ = {isa = PBXBuildFile; fileRef = 2D974D332089C9C200046EF6 /* AppDelegate.swift */; };
		2D974D362089C9C200046EF6 /* ViewController.swift in Sources */ = {isa = PBXBuildFile; fileRef = 2D974D352089C9C200046EF6 /* ViewController.swift */; };
		2D974D392089C9C200046EF6 /* Main.storyboard in Resources */ = {isa = PBXBuildFile; fileRef = 2D974D372089C9C200046EF6 /* Main.storyboard */; };
		2D974D3B2089C9C300046EF6 /* Assets.xcassets in Resources */ = {isa = PBXBuildFile; fileRef = 2D974D3A2089C9C300046EF6 /* Assets.xcassets */; };
		2D974D3E2089C9C300046EF6 /* LaunchScreen.storyboard in Resources */ = {isa = PBXBuildFile; fileRef = 2D974D3C2089C9C300046EF6 /* LaunchScreen.storyboard */; };
		2D974D462089CA4800046EF6 /* SecondViewController.swift in Sources */ = {isa = PBXBuildFile; fileRef = 2D974D452089CA4800046EF6 /* SecondViewController.swift */; };
		2D974D482089D4DB00046EF6 /* ImageViewController.swift in Sources */ = {isa = PBXBuildFile; fileRef = 2D974D472089D4DB00046EF6 /* ImageViewController.swift */; };
/* End PBXBuildFile section */

/* Begin PBXFileReference section */
		2D974D302089C9C200046EF6 /* Proj02_SignUp.app */ = {isa = PBXFileReference; explicitFileType = wrapper.application; includeInIndex = 0; path = Proj02_SignUp.app; sourceTree = BUILT_PRODUCTS_DIR; };
		2D974D332089C9C200046EF6 /* AppDelegate.swift */ = {isa = PBXFileReference; lastKnownFileType = sourcecode.swift; path = AppDelegate.swift; sourceTree = "<group>"; };
		2D974D352089C9C200046EF6 /* ViewController.swift */ = {isa = PBXFileReference; lastKnownFileType = sourcecode.swift; path = ViewController.swift; sourceTree = "<group>"; };
		2D974D382089C9C200046EF6 /* Base */ = {isa = PBXFileReference; lastKnownFileType = file.storyboard; name = Base; path = Base.lproj/Main.storyboard; sourceTree = "<group>"; };
		2D974D3A2089C9C300046EF6 /* Assets.xcassets */ = {isa = PBXFileReference; lastKnownFileType = folder.assetcatalog; path = Assets.xcassets; sourceTree = "<group>"; };
		2D974D3D2089C9C300046EF6 /* Base */ = {isa = PBXFileReference; lastKnownFileType = file.storyboard; name = Base; path = Base.lproj/LaunchScreen.storyboard; sourceTree = "<group>"; };
		2D974D3F2089C9C300046EF6 /* Info.plist */ = {isa = PBXFileReference; lastKnownFileType = text.plist.xml; path = Info.plist; sourceTree = "<group>"; };
		2D974D452089CA4800046EF6 /* SecondViewController.swift */ = {isa = PBXFileReference; lastKnownFileType = sourcecode.swift; path = SecondViewController.swift; sourceTree = "<group>"; };
		2D974D472089D4DB00046EF6 /* ImageViewController.swift */ = {isa = PBXFileReference; lastKnownFileType = sourcecode.swift; path = ImageViewController.swift; sourceTree = "<group>"; };
/* End PBXFileReference section */

/* Begin PBXFrameworksBuildPhase section */
		2D974D2D2089C9C200046EF6 /* Frameworks */ = {
			isa = PBXFrameworksBuildPhase;
			buildActionMask = 2147483647;
			files = (
			);
			runOnlyForDeploymentPostprocessing = 0;
		};
/* End PBXFrameworksBuildPhase section */

/* Begin PBXGroup section */
		2D974D272089C9C200046EF6 = {
			isa = PBXGroup;
			children = (
				2D974D322089C9C200046EF6 /* Proj02_SignUp */,
				2D974D312089C9C200046EF6 /* Products */,
			);
			sourceTree = "<group>";
		};
		2D974D312089C9C200046EF6 /* Products */ = {
			isa = PBXGroup;
			children = (
				2D974D302089C9C200046EF6 /* Proj02_SignUp.app */,
			);
			name = Products;
			sourceTree = "<group>";
		};
		2D974D322089C9C200046EF6 /* Proj02_SignUp */ = {
			isa = PBXGroup;
			children = (
				2D974D332089C9C200046EF6 /* AppDelegate.swift */,
				2D974D352089C9C200046EF6 /* ViewController.swift */,
				2D974D372089C9C200046EF6 /* Main.storyboard */,
				2D974D3A2089C9C300046EF6 /* Assets.xcassets */,
				2D974D3C2089C9C300046EF6 /* LaunchScreen.storyboard */,
				2D974D3F2089C9C300046EF6 /* Info.plist */,
				2D974D452089CA4800046EF6 /* SecondViewController.swift */,
				2D974D472089D4DB00046EF6 /* ImageViewController.swift */,
			);
			path = Proj02_SignUp;
			sourceTree = "<group>";
		};
/* End PBXGroup section */

/* Begin PBXNativeTarget section */
		2D974D2F2089C9C200046EF6 /* Proj02_SignUp */ = {
			isa = PBXNativeTarget;
			buildConfigurationList = 2D974D422089C9C300046EF6 /* Build configuration list for PBXNativeTarget "Proj02_SignUp" */;
			buildPhases = (
				2D974D2C2089C9C200046EF6 /* Sources */,
				2D974D2D2089C9C200046EF6 /* Frameworks */,
				2D974D2E2089C9C200046EF6 /* Resources */,
			);
			buildRules = (
			);
			dependencies = (
			);
			name = Proj02_SignUp;
			productName = Proj02_SignUp;
			productReference = 2D974D302089C9C200046EF6 /* Proj02_SignUp.app */;
			productType = "com.apple.product-type.application";
		};
/* End PBXNativeTarget section */

/* Begin PBXProject section */
		2D974D282089C9C200046EF6 /* Project object */ = {
			isa = PBXProject;
			attributes = {
				LastSwiftUpdateCheck = 0930;
				LastUpgradeCheck = 0930;
				ORGANIZATIONNAME = KimSuyoung;
				TargetAttributes = {
					2D974D2F2089C9C200046EF6 = {
						CreatedOnToolsVersion = 9.3;
					};
				};
			};
			buildConfigurationList = 2D974D2B2089C9C200046EF6 /* Build configuration list for PBXProject "Proj02_SignUp" */;
			compatibilityVersion = "Xcode 9.3";
			developmentRegion = en;
			hasScannedForEncodings = 0;
			knownRegions = (
				en,
				Base,
			);
			mainGroup = 2D974D272089C9C200046EF6;
			productRefGroup = 2D974D312089C9C200046EF6 /* Products */;
			projectDirPath = "";
			projectRoot = "";
			targets = (
				2D974D2F2089C9C200046EF6 /* Proj02_SignUp */,
			);
		};
/* End PBXProject section */

/* Begin PBXResourcesBuildPhase section */
		2D974D2E2089C9C200046EF6 /* Resources */ = {
			isa = PBXResourcesBuildPhase;
			buildActionMask = 2147483647;
			files = (
				2D974D3E2089C9C300046EF6 /* LaunchScreen.storyboard in Resources */,
				2D974D3B2089C9C300046EF6 /* Assets.xcassets in Resources */,
				2D974D392089C9C200046EF6 /* Main.storyboard in Resources */,
			);
			runOnlyForDeploymentPostprocessing = 0;
		};
/* End PBXResourcesBuildPhase section */

/* Begin PBXSourcesBuildPhase section */
		2D974D2C2089C9C200046EF6 /* Sources */ = {
			isa = PBXSourcesBuildPhase;
			buildActionMask = 2147483647;
			files = (
				2D974D462089CA4800046EF6 /* SecondViewController.swift in Sources */,
				2D974D362089C9C200046EF6 /* ViewController.swift in Sources */,
				2D974D482089D4DB00046EF6 /* ImageViewController.swift in Sources */,
				2D974D342089C9C200046EF6 /* AppDelegate.swift in Sources */,
			);
			runOnlyForDeploymentPostprocessing = 0;
		};
/* End PBXSourcesBuildPhase section */

/* Begin PBXVariantGroup section */
		2D974D372089C9C200046EF6 /* Main.storyboard */ = {
			isa = PBXVariantGroup;
			children = (
				2D974D382089C9C200046EF6 /* Base */,
			);
			name = Main.storyboard;
			sourceTree = "<group>";
		};
		2D974D3C2089C9C300046EF6 /* LaunchScreen.storyboard */ = {
			isa = PBXVariantGroup;
			children = (
				2D974D3D2089C9C300046EF6 /* Base */,
			);
			name = LaunchScreen.storyboard;
			sourceTree = "<group>";
		};
/* End PBXVariantGroup section */

/* Begin XCBuildConfiguration section */
		2D974D402089C9C300046EF6 /* Debug */ = {
			isa = XCBuildConfiguration;
			buildSettings = {
				ALWAYS_SEARCH_USER_PATHS = NO;
				CLANG_ANALYZER_NONNULL = YES;
				CLANG_ANALYZER_NUMBER_OBJECT_CONVERSION = YES_AGGRESSIVE;
				CLANG_CXX_LANGUAGE_STANDARD = "gnu++14";
				CLANG_CXX_LIBRARY = "libc++";
				CLANG_ENABLE_MODULES = YES;
				CLANG_ENABLE_OBJC_ARC = YES;
				CLANG_ENABLE_OBJC_WEAK = YES;
				CLANG_WARN_BLOCK_CAPTURE_AUTORELEASING = YES;
				CLANG_WARN_BOOL_CONVERSION = YES;
				CLANG_WARN_COMMA = YES;
				CLANG_WARN_CONSTANT_CONVERSION = YES;
				CLANG_WARN_DEPRECATED_OBJC_IMPLEMENTATIONS = YES;
				CLANG_WARN_DIRECT_OBJC_ISA_USAGE = YES_ERROR;
				CLANG_WARN_DOCUMENTATION_COMMENTS = YES;
				CLANG_WARN_EMPTY_BODY = YES;
				CLANG_WARN_ENUM_CONVERSION = YES;
				CLANG_WARN_INFINITE_RECURSION = YES;
				CLANG_WARN_INT_CONVERSION = YES;
				CLANG_WARN_NON_LITERAL_NULL_CONVERSION = YES;
				CLANG_WARN_OBJC_IMPLICIT_RETAIN_SELF = YES;
				CLANG_WARN_OBJC_LITERAL_CONVERSION = YES;
				CLANG_WARN_OBJC_ROOT_CLASS = YES_ERROR;
				CLANG_WARN_RANGE_LOOP_ANALYSIS = YES;
				CLANG_WARN_STRICT_PROTOTYPES = YES;
				CLANG_WARN_SUSPICIOUS_MOVE = YES;
				CLANG_WARN_UNGUARDED_AVAILABILITY = YES_AGGRESSIVE;
				CLANG_WARN_UNREACHABLE_CODE = YES;
				CLANG_WARN__DUPLICATE_METHOD_MATCH = YES;
				CODE_SIGN_IDENTITY = "iPhone Developer";
				COPY_PHASE_STRIP = NO;
				DEBUG_INFORMATION_FORMAT = dwarf;
				ENABLE_STRICT_OBJC_MSGSEND = YES;
				ENABLE_TESTABILITY = YES;
				GCC_C_LANGUAGE_STANDARD = gnu11;
				GCC_DYNAMIC_NO_PIC = NO;
				GCC_NO_COMMON_BLOCKS = YES;
				GCC_OPTIMIZATION_LEVEL = 0;
				GCC_PREPROCESSOR_DEFINITIONS = (
					"DEBUG=1",
					"$(inherited)",
				);
				GCC_WARN_64_TO_32_BIT_CONVERSION = YES;
				GCC_WARN_ABOUT_RETURN_TYPE = YES_ERROR;
				GCC_WARN_UNDECLARED_SELECTOR = YES;
				GCC_WARN_UNINITIALIZED_AUTOS = YES_AGGRESSIVE;
				GCC_WARN_UNUSED_FUNCTION = YES;
				GCC_WARN_UNUSED_VARIABLE = YES;
				IPHONEOS_DEPLOYMENT_TARGET = 11.3;
				MTL_ENABLE_DEBUG_INFO = YES;
				ONLY_ACTIVE_ARCH = YES;
				SDKROOT = iphoneos;
				SWIFT_ACTIVE_COMPILATION_CONDITIONS = DEBUG;
				SWIFT_OPTIMIZATION_LEVEL = "-Onone";
			};
			name = Debug;
		};
		2D974D412089C9C300046EF6 /* Release */ = {
			isa = XCBuildConfiguration;
			buildSettings = {
				ALWAYS_SEARCH_USER_PATHS = NO;
				CLANG_ANALYZER_NONNULL = YES;
				CLANG_ANALYZER_NUMBER_OBJECT_CONVERSION = YES_AGGRESSIVE;
				CLANG_CXX_LANGUAGE_STANDARD = "gnu++14";
				CLANG_CXX_LIBRARY = "libc++";
				CLANG_ENABLE_MODULES = YES;
				CLANG_ENABLE_OBJC_ARC = YES;
				CLANG_ENABLE_OBJC_WEAK = YES;
				CLANG_WARN_BLOCK_CAPTURE_AUTORELEASING = YES;
				CLANG_WARN_BOOL_CONVERSION = YES;
				CLANG_WARN_COMMA = YES;
				CLANG_WARN_CONSTANT_CONVERSION = YES;
				CLANG_WARN_DEPRECATED_OBJC_IMPLEMENTATIONS = YES;
				CLANG_WARN_DIRECT_OBJC_ISA_USAGE = YES_ERROR;
				CLANG_WARN_DOCUMENTATION_COMMENTS = YES;
				CLANG_WARN_EMPTY_BODY = YES;
				CLANG_WARN_ENUM_CONVERSION = YES;
				CLANG_WARN_INFINITE_RECURSION = YES;
				CLANG_WARN_INT_CONVERSION = YES;
				CLANG_WARN_NON_LITERAL_NULL_CONVERSION = YES;
				CLANG_WARN_OBJC_IMPLICIT_RETAIN_SELF = YES;
				CLANG_WARN_OBJC_LITERAL_CONVERSION = YES;
				CLANG_WARN_OBJC_ROOT_CLASS = YES_ERROR;
				CLANG_WARN_RANGE_LOOP_ANALYSIS = YES;
				CLANG_WARN_STRICT_PROTOTYPES = YES;
				CLANG_WARN_SUSPICIOUS_MOVE = YES;
				CLANG_WARN_UNGUARDED_AVAILABILITY = YES_AGGRESSIVE;
				CLANG_WARN_UNREACHABLE_CODE = YES;
				CLANG_WARN__DUPLICATE_METHOD_MATCH = YES;
				CODE_SIGN_IDENTITY = "iPhone Developer";
				COPY_PHASE_STRIP = NO;
				DEBUG_INFORMATION_FORMAT = "dwarf-with-dsym";
				ENABLE_NS_ASSERTIONS = NO;
				ENABLE_STRICT_OBJC_MSGSEND = YES;
				GCC_C_LANGUAGE_STANDARD = gnu11;
				GCC_NO_COMMON_BLOCKS = YES;
				GCC_WARN_64_TO_32_BIT_CONVERSION = YES;
				GCC_WARN_ABOUT_RETURN_TYPE = YES_ERROR;
				GCC_WARN_UNDECLARED_SELECTOR = YES;
				GCC_WARN_UNINITIALIZED_AUTOS = YES_AGGRESSIVE;
				GCC_WARN_UNUSED_FUNCTION = YES;
				GCC_WARN_UNUSED_VARIABLE = YES;
				IPHONEOS_DEPLOYMENT_TARGET = 11.3;
				MTL_ENABLE_DEBUG_INFO = NO;
				SDKROOT = iphoneos;
				SWIFT_COMPILATION_MODE = wholemodule;
				SWIFT_OPTIMIZATION_LEVEL = "-O";
				VALIDATE_PRODUCT = YES;
			};
			name = Release;
		};
		2D974D432089C9C300046EF6 /* Debug */ = {
			isa = XCBuildConfiguration;
			buildSettings = {
				ASSETCATALOG_COMPILER_APPICON_NAME = AppIcon;
				CODE_SIGN_STYLE = Automatic;
				INFOPLIST_FILE = Proj02_SignUp/Info.plist;
				LD_RUNPATH_SEARCH_PATHS = (
					"$(inherited)",
					"@executable_path/Frameworks",
				);
				PRODUCT_BUNDLE_IDENTIFIER = "kr.skim.Proj02-SignUp";
				PRODUCT_NAME = "$(TARGET_NAME)";
				SWIFT_VERSION = 4.0;
				TARGETED_DEVICE_FAMILY = "1,2";
			};
			name = Debug;
		};
		2D974D442089C9C300046EF6 /* Release */ = {
			isa = XCBuildConfiguration;
			buildSettings = {
				ASSETCATALOG_COMPILER_APPICON_NAME = AppIcon;
				CODE_SIGN_STYLE = Automatic;
				INFOPLIST_FILE = Proj02_SignUp/Info.plist;
				LD_RUNPATH_SEARCH_PATHS = (
					"$(inherited)",
					"@executable_path/Frameworks",
				);
				PRODUCT_BUNDLE_IDENTIFIER = "kr.skim.Proj02-SignUp";
				PRODUCT_NAME = "$(TARGET_NAME)";
				SWIFT_VERSION = 4.0;
				TARGETED_DEVICE_FAMILY = "1,2";
			};
			name = Release;
		};
/* End XCBuildConfiguration section */

/* Begin XCConfigurationList section */
		2D974D2B2089C9C200046EF6 /* Build configuration list for PBXProject "Proj02_SignUp" */ = {
			isa = XCConfigurationList;
			buildConfigurations = (
				2D974D402089C9C300046EF6 /* Debug */,
				2D974D412089C9C300046EF6 /* Release */,
			);
			defaultConfigurationIsVisible = 0;
			defaultConfigurationName = Release;
		};
		2D974D422089C9C300046EF6 /* Build configuration list for PBXNativeTarget "Proj02_SignUp" */ = {
			isa = XCConfigurationList;
			buildConfigurations = (
				2D974D432089C9C300046EF6 /* Debug */,
				2D974D442089C9C300046EF6 /* Release */,
			);
			defaultConfigurationIsVisible = 0;
			defaultConfigurationName = Release;
		};
/* End XCConfigurationList section */
	};
	rootObject = 2D974D282089C9C200046EF6 /* Project object */;
}
